
Microsoft Visual Studio Solution File, Format Version 12.00
# Visual Studio 15
VisualStudioVersion = 15.0.28307.421
MinimumVisualStudioVersion = 10.0.40219.1
Project("{2150E333-8FDC-42A3-9474-1A3956D46DE8}") = "Solution Items", "Solution Items", "{D15C8A63-B258-4537-AE90-CC2C2FF2300C}"
	ProjectSection(SolutionItems) = preProject
		README.md = README.md
	EndProjectSection
EndProject
Project("{8BC9CEB8-8B4A-11D0-8D11-00A0C91BC942}") = "Processes", "src\winapi\Processes\Processes.vcxproj", "{C97AFD64-8D32-4CFC-A3A9-DD9822F39006}"
EndProject
Project("{2150E333-8FDC-42A3-9474-1A3956D46DE8}") = "src", "src", "{66059274-2283-4376-961F-FA2E13690DAD}"
EndProject
Project("{2150E333-8FDC-42A3-9474-1A3956D46DE8}") = "winapi", "winapi", "{A8AEDBE2-BB4C-4472-8780-E034AED3D58B}"
EndProject
Project("{2150E333-8FDC-42A3-9474-1A3956D46DE8}") = "dotnet", "dotnet", "{1763E4BF-7EAC-4C72-9593-979910EF8B54}"
EndProject
Project("{FAE04EC0-301F-11D3-BF4B-00C04F79EFBC}") = "Processes", "src\dotnet\Processes\Processes.csproj", "{C2D8E634-118C-4E17-82EE-84320B32BA0D}"
EndProject
Project("{FAE04EC0-301F-11D3-BF4B-00C04F79EFBC}") = "SlaveApp", "src\dotnet\SlaveApp\SlaveApp.csproj", "{DE3290EB-8FE1-46B6-801C-396C460BE890}"
EndProject
Project("{FAE04EC0-301F-11D3-BF4B-00C04F79EFBC}") = "ThreadsConsole", "src\dotnet\ThreadsConsole\ThreadsConsole.csproj", "{403671FC-1A5A-4952-B5C9-47972FB1E707}"
EndProject
Project("{8BC9CEB8-8B4A-11D0-8D11-00A0C91BC942}") = "ThreadsConsole", "src\winapi\ThreadsConsole\ThreadsConsole.vcxproj", "{E61EE51E-25FC-43DD-9ACB-C468CF460A93}"
EndProject
Project("{8BC9CEB8-8B4A-11D0-8D11-00A0C91BC942}") = "Project1", "src\winapi\Project1\Project1.vcxproj", "{870CD7F4-8051-4486-9757-CE9465259573}"
EndProject
Project("{FAE04EC0-301F-11D3-BF4B-00C04F79EFBC}") = "ThreadsInWindowsForms", "src\dotnet\WindowsFormsApp1\ThreadsInWindowsForms.csproj", "{BA74BBE4-CC4E-4A4E-8B59-25AC0216F629}"
EndProject
Project("{FAE04EC0-301F-11D3-BF4B-00C04F79EFBC}") = "ThreadPoolWPF", "ThreadPoolWPF\ThreadPoolWPF.csproj", "{39648E09-34A5-4EB3-B258-A913588D4202}"
EndProject
Project("{FAE04EC0-301F-11D3-BF4B-00C04F79EFBC}") = "ExecutionContextDemoWpf", "src\dotnet\ExecutionContextDemoWpf\ExecutionContextDemoWpf.csproj", "{BB0DDC9C-88F8-4482-B9EB-561191ABCE24}"
EndProject
Project("{FAE04EC0-301F-11D3-BF4B-00C04F79EFBC}") = "CpuUsageConsole", "src\dotnet\CpuUsageConsole\CpuUsageConsole.csproj", "{BB801BEF-FE3E-44BC-B590-9CC95AD9FB8A}"
EndProject
Project("{8BC9CEB8-8B4A-11D0-8D11-00A0C91BC942}") = "CriticalSection", "src\winapi\CriticalSection\CriticalSection.vcxproj", "{041F9874-8843-4CFA-A067-96ED3C1B10E9}"
EndProject
Project("{FAE04EC0-301F-11D3-BF4B-00C04F79EFBC}") = "SyncDotnetConsole", "src\dotnet\SyncDotnetConsole\SyncDotnetConsole.csproj", "{344AB34F-EC64-4C74-865F-2A97A127B71A}"
EndProject
Global
	GlobalSection(SolutionConfigurationPlatforms) = preSolution
		Debug|Any CPU = Debug|Any CPU
		Debug|x64 = Debug|x64
		Debug|x86 = Debug|x86
		Release|Any CPU = Release|Any CPU
		Release|x64 = Release|x64
		Release|x86 = Release|x86
	EndGlobalSection
	GlobalSection(ProjectConfigurationPlatforms) = postSolution
		{C97AFD64-8D32-4CFC-A3A9-DD9822F39006}.Debug|Any CPU.ActiveCfg = Debug|Win32
		{C97AFD64-8D32-4CFC-A3A9-DD9822F39006}.Debug|x64.ActiveCfg = Debug|x64
		{C97AFD64-8D32-4CFC-A3A9-DD9822F39006}.Debug|x64.Build.0 = Debug|x64
		{C97AFD64-8D32-4CFC-A3A9-DD9822F39006}.Debug|x86.ActiveCfg = Debug|Win32
		{C97AFD64-8D32-4CFC-A3A9-DD9822F39006}.Debug|x86.Build.0 = Debug|Win32
		{C97AFD64-8D32-4CFC-A3A9-DD9822F39006}.Release|Any CPU.ActiveCfg = Release|Win32
		{C97AFD64-8D32-4CFC-A3A9-DD9822F39006}.Release|x64.ActiveCfg = Release|x64
		{C97AFD64-8D32-4CFC-A3A9-DD9822F39006}.Release|x64.Build.0 = Release|x64
		{C97AFD64-8D32-4CFC-A3A9-DD9822F39006}.Release|x86.ActiveCfg = Release|Win32
		{C97AFD64-8D32-4CFC-A3A9-DD9822F39006}.Release|x86.Build.0 = Release|Win32
		{C2D8E634-118C-4E17-82EE-84320B32BA0D}.Debug|Any CPU.ActiveCfg = Debug|Any CPU
		{C2D8E634-118C-4E17-82EE-84320B32BA0D}.Debug|Any CPU.Build.0 = Debug|Any CPU
		{C2D8E634-118C-4E17-82EE-84320B32BA0D}.Debug|x64.ActiveCfg = Debug|Any CPU
		{C2D8E634-118C-4E17-82EE-84320B32BA0D}.Debug|x64.Build.0 = Debug|Any CPU
		{C2D8E634-118C-4E17-82EE-84320B32BA0D}.Debug|x86.ActiveCfg = Debug|Any CPU
		{C2D8E634-118C-4E17-82EE-84320B32BA0D}.Debug|x86.Build.0 = Debug|Any CPU
		{C2D8E634-118C-4E17-82EE-84320B32BA0D}.Release|Any CPU.ActiveCfg = Release|Any CPU
		{C2D8E634-118C-4E17-82EE-84320B32BA0D}.Release|Any CPU.Build.0 = Release|Any CPU
		{C2D8E634-118C-4E17-82EE-84320B32BA0D}.Release|x64.ActiveCfg = Release|Any CPU
		{C2D8E634-118C-4E17-82EE-84320B32BA0D}.Release|x64.Build.0 = Release|Any CPU
		{C2D8E634-118C-4E17-82EE-84320B32BA0D}.Release|x86.ActiveCfg = Release|Any CPU
		{C2D8E634-118C-4E17-82EE-84320B32BA0D}.Release|x86.Build.0 = Release|Any CPU
		{DE3290EB-8FE1-46B6-801C-396C460BE890}.Debug|Any CPU.ActiveCfg = Debug|Any CPU
		{DE3290EB-8FE1-46B6-801C-396C460BE890}.Debug|Any CPU.Build.0 = Debug|Any CPU
		{DE3290EB-8FE1-46B6-801C-396C460BE890}.Debug|x64.ActiveCfg = Debug|Any CPU
		{DE3290EB-8FE1-46B6-801C-396C460BE890}.Debug|x64.Build.0 = Debug|Any CPU
		{DE3290EB-8FE1-46B6-801C-396C460BE890}.Debug|x86.ActiveCfg = Debug|Any CPU
		{DE3290EB-8FE1-46B6-801C-396C460BE890}.Debug|x86.Build.0 = Debug|Any CPU
		{DE3290EB-8FE1-46B6-801C-396C460BE890}.Release|Any CPU.ActiveCfg = Release|Any CPU
		{DE3290EB-8FE1-46B6-801C-396C460BE890}.Release|Any CPU.Build.0 = Release|Any CPU
		{DE3290EB-8FE1-46B6-801C-396C460BE890}.Release|x64.ActiveCfg = Release|Any CPU
		{DE3290EB-8FE1-46B6-801C-396C460BE890}.Release|x64.Build.0 = Release|Any CPU
		{DE3290EB-8FE1-46B6-801C-396C460BE890}.Release|x86.ActiveCfg = Release|Any CPU
		{DE3290EB-8FE1-46B6-801C-396C460BE890}.Release|x86.Build.0 = Release|Any CPU
		{403671FC-1A5A-4952-B5C9-47972FB1E707}.Debug|Any CPU.ActiveCfg = Debug|Any CPU
		{403671FC-1A5A-4952-B5C9-47972FB1E707}.Debug|Any CPU.Build.0 = Debug|Any CPU
		{403671FC-1A5A-4952-B5C9-47972FB1E707}.Debug|x64.ActiveCfg = Debug|Any CPU
		{403671FC-1A5A-4952-B5C9-47972FB1E707}.Debug|x64.Build.0 = Debug|Any CPU
		{403671FC-1A5A-4952-B5C9-47972FB1E707}.Debug|x86.ActiveCfg = Debug|Any CPU
		{403671FC-1A5A-4952-B5C9-47972FB1E707}.Debug|x86.Build.0 = Debug|Any CPU
		{403671FC-1A5A-4952-B5C9-47972FB1E707}.Release|Any CPU.ActiveCfg = Release|Any CPU
		{403671FC-1A5A-4952-B5C9-47972FB1E707}.Release|Any CPU.Build.0 = Release|Any CPU
		{403671FC-1A5A-4952-B5C9-47972FB1E707}.Release|x64.ActiveCfg = Release|Any CPU
		{403671FC-1A5A-4952-B5C9-47972FB1E707}.Release|x64.Build.0 = Release|Any CPU
		{403671FC-1A5A-4952-B5C9-47972FB1E707}.Release|x86.ActiveCfg = Release|Any CPU
		{403671FC-1A5A-4952-B5C9-47972FB1E707}.Release|x86.Build.0 = Release|Any CPU
		{E61EE51E-25FC-43DD-9ACB-C468CF460A93}.Debug|Any CPU.ActiveCfg = Debug|Win32
		{E61EE51E-25FC-43DD-9ACB-C468CF460A93}.Debug|x64.ActiveCfg = Debug|x64
		{E61EE51E-25FC-43DD-9ACB-C468CF460A93}.Debug|x64.Build.0 = Debug|x64
		{E61EE51E-25FC-43DD-9ACB-C468CF460A93}.Debug|x86.ActiveCfg = Debug|Win32
		{E61EE51E-25FC-43DD-9ACB-C468CF460A93}.Debug|x86.Build.0 = Debug|Win32
		{E61EE51E-25FC-43DD-9ACB-C468CF460A93}.Release|Any CPU.ActiveCfg = Release|Win32
		{E61EE51E-25FC-43DD-9ACB-C468CF460A93}.Release|x64.ActiveCfg = Release|x64
		{E61EE51E-25FC-43DD-9ACB-C468CF460A93}.Release|x64.Build.0 = Release|x64
		{E61EE51E-25FC-43DD-9ACB-C468CF460A93}.Release|x86.ActiveCfg = Release|Win32
		{E61EE51E-25FC-43DD-9ACB-C468CF460A93}.Release|x86.Build.0 = Release|Win32
		{870CD7F4-8051-4486-9757-CE9465259573}.Debug|Any CPU.ActiveCfg = Debug|Win32
		{870CD7F4-8051-4486-9757-CE9465259573}.Debug|x64.ActiveCfg = Debug|x64
		{870CD7F4-8051-4486-9757-CE9465259573}.Debug|x64.Build.0 = Debug|x64
		{870CD7F4-8051-4486-9757-CE9465259573}.Debug|x86.ActiveCfg = Debug|Win32
		{870CD7F4-8051-4486-9757-CE9465259573}.Debug|x86.Build.0 = Debug|Win32
		{870CD7F4-8051-4486-9757-CE9465259573}.Release|Any CPU.ActiveCfg = Release|Win32
		{870CD7F4-8051-4486-9757-CE9465259573}.Release|x64.ActiveCfg = Release|x64
		{870CD7F4-8051-4486-9757-CE9465259573}.Release|x64.Build.0 = Release|x64
		{870CD7F4-8051-4486-9757-CE9465259573}.Release|x86.ActiveCfg = Release|Win32
		{870CD7F4-8051-4486-9757-CE9465259573}.Release|x86.Build.0 = Release|Win32
		{BA74BBE4-CC4E-4A4E-8B59-25AC0216F629}.Debug|Any CPU.ActiveCfg = Debug|Any CPU
		{BA74BBE4-CC4E-4A4E-8B59-25AC0216F629}.Debug|Any CPU.Build.0 = Debug|Any CPU
		{BA74BBE4-CC4E-4A4E-8B59-25AC0216F629}.Debug|x64.ActiveCfg = Debug|Any CPU
		{BA74BBE4-CC4E-4A4E-8B59-25AC0216F629}.Debug|x64.Build.0 = Debug|Any CPU
		{BA74BBE4-CC4E-4A4E-8B59-25AC0216F629}.Debug|x86.ActiveCfg = Debug|Any CPU
		{BA74BBE4-CC4E-4A4E-8B59-25AC0216F629}.Debug|x86.Build.0 = Debug|Any CPU
		{BA74BBE4-CC4E-4A4E-8B59-25AC0216F629}.Release|Any CPU.ActiveCfg = Release|Any CPU
		{BA74BBE4-CC4E-4A4E-8B59-25AC0216F629}.Release|Any CPU.Build.0 = Release|Any CPU
		{BA74BBE4-CC4E-4A4E-8B59-25AC0216F629}.Release|x64.ActiveCfg = Release|Any CPU
		{BA74BBE4-CC4E-4A4E-8B59-25AC0216F629}.Release|x64.Build.0 = Release|Any CPU
		{BA74BBE4-CC4E-4A4E-8B59-25AC0216F629}.Release|x86.ActiveCfg = Release|Any CPU
		{BA74BBE4-CC4E-4A4E-8B59-25AC0216F629}.Release|x86.Build.0 = Release|Any CPU
		{39648E09-34A5-4EB3-B258-A913588D4202}.Debug|Any CPU.ActiveCfg = Debug|Any CPU
		{39648E09-34A5-4EB3-B258-A913588D4202}.Debug|Any CPU.Build.0 = Debug|Any CPU
		{39648E09-34A5-4EB3-B258-A913588D4202}.Debug|x64.ActiveCfg = Debug|Any CPU
		{39648E09-34A5-4EB3-B258-A913588D4202}.Debug|x64.Build.0 = Debug|Any CPU
		{39648E09-34A5-4EB3-B258-A913588D4202}.Debug|x86.ActiveCfg = Debug|Any CPU
		{39648E09-34A5-4EB3-B258-A913588D4202}.Debug|x86.Build.0 = Debug|Any CPU
		{39648E09-34A5-4EB3-B258-A913588D4202}.Release|Any CPU.ActiveCfg = Release|Any CPU
		{39648E09-34A5-4EB3-B258-A913588D4202}.Release|Any CPU.Build.0 = Release|Any CPU
		{39648E09-34A5-4EB3-B258-A913588D4202}.Release|x64.ActiveCfg = Release|Any CPU
		{39648E09-34A5-4EB3-B258-A913588D4202}.Release|x64.Build.0 = Release|Any CPU
		{39648E09-34A5-4EB3-B258-A913588D4202}.Release|x86.ActiveCfg = Release|Any CPU
		{39648E09-34A5-4EB3-B258-A913588D4202}.Release|x86.Build.0 = Release|Any CPU
		{BB0DDC9C-88F8-4482-B9EB-561191ABCE24}.Debug|Any CPU.ActiveCfg = Debug|Any CPU
		{BB0DDC9C-88F8-4482-B9EB-561191ABCE24}.Debug|Any CPU.Build.0 = Debug|Any CPU
		{BB0DDC9C-88F8-4482-B9EB-561191ABCE24}.Debug|x64.ActiveCfg = Debug|Any CPU
		{BB0DDC9C-88F8-4482-B9EB-561191ABCE24}.Debug|x64.Build.0 = Debug|Any CPU
		{BB0DDC9C-88F8-4482-B9EB-561191ABCE24}.Debug|x86.ActiveCfg = Debug|Any CPU
		{BB0DDC9C-88F8-4482-B9EB-561191ABCE24}.Debug|x86.Build.0 = Debug|Any CPU
		{BB0DDC9C-88F8-4482-B9EB-561191ABCE24}.Release|Any CPU.ActiveCfg = Release|Any CPU
		{BB0DDC9C-88F8-4482-B9EB-561191ABCE24}.Release|Any CPU.Build.0 = Release|Any CPU
		{BB0DDC9C-88F8-4482-B9EB-561191ABCE24}.Release|x64.ActiveCfg = Release|Any CPU
		{BB0DDC9C-88F8-4482-B9EB-561191ABCE24}.Release|x64.Build.0 = Release|Any CPU
		{BB0DDC9C-88F8-4482-B9EB-561191ABCE24}.Release|x86.ActiveCfg = Release|Any CPU
		{BB0DDC9C-88F8-4482-B9EB-561191ABCE24}.Release|x86.Build.0 = Release|Any CPU
		{BB801BEF-FE3E-44BC-B590-9CC95AD9FB8A}.Debug|Any CPU.ActiveCfg = Debug|Any CPU
		{BB801BEF-FE3E-44BC-B590-9CC95AD9FB8A}.Debug|Any CPU.Build.0 = Debug|Any CPU
		{BB801BEF-FE3E-44BC-B590-9CC95AD9FB8A}.Debug|x64.ActiveCfg = Debug|Any CPU
		{BB801BEF-FE3E-44BC-B590-9CC95AD9FB8A}.Debug|x64.Build.0 = Debug|Any CPU
		{BB801BEF-FE3E-44BC-B590-9CC95AD9FB8A}.Debug|x86.ActiveCfg = Debug|Any CPU
		{BB801BEF-FE3E-44BC-B590-9CC95AD9FB8A}.Debug|x86.Build.0 = Debug|Any CPU
		{BB801BEF-FE3E-44BC-B590-9CC95AD9FB8A}.Release|Any CPU.ActiveCfg = Release|Any CPU
		{BB801BEF-FE3E-44BC-B590-9CC95AD9FB8A}.Release|Any CPU.Build.0 = Release|Any CPU
		{BB801BEF-FE3E-44BC-B590-9CC95AD9FB8A}.Release|x64.ActiveCfg = Release|Any CPU
		{BB801BEF-FE3E-44BC-B590-9CC95AD9FB8A}.Release|x64.Build.0 = Release|Any CPU
		{BB801BEF-FE3E-44BC-B590-9CC95AD9FB8A}.Release|x86.ActiveCfg = Release|Any CPU
		{BB801BEF-FE3E-44BC-B590-9CC95AD9FB8A}.Release|x86.Build.0 = Release|Any CPU
		{041F9874-8843-4CFA-A067-96ED3C1B10E9}.Debug|Any CPU.ActiveCfg = Debug|Win32
		{041F9874-8843-4CFA-A067-96ED3C1B10E9}.Debug|x64.ActiveCfg = Debug|x64
		{041F9874-8843-4CFA-A067-96ED3C1B10E9}.Debug|x64.Build.0 = Debug|x64
		{041F9874-8843-4CFA-A067-96ED3C1B10E9}.Debug|x86.ActiveCfg = Debug|Win32
		{041F9874-8843-4CFA-A067-96ED3C1B10E9}.Debug|x86.Build.0 = Debug|Win32
		{041F9874-8843-4CFA-A067-96ED3C1B10E9}.Release|Any CPU.ActiveCfg = Release|Win32
		{041F9874-8843-4CFA-A067-96ED3C1B10E9}.Release|x64.ActiveCfg = Release|x64
		{041F9874-8843-4CFA-A067-96ED3C1B10E9}.Release|x64.Build.0 = Release|x64
		{041F9874-8843-4CFA-A067-96ED3C1B10E9}.Release|x86.ActiveCfg = Release|Win32
		{041F9874-8843-4CFA-A067-96ED3C1B10E9}.Release|x86.Build.0 = Release|Win32
		{344AB34F-EC64-4C74-865F-2A97A127B71A}.Debug|Any CPU.ActiveCfg = Debug|Any CPU
		{344AB34F-EC64-4C74-865F-2A97A127B71A}.Debug|Any CPU.Build.0 = Debug|Any CPU
		{344AB34F-EC64-4C74-865F-2A97A127B71A}.Debug|x64.ActiveCfg = Debug|Any CPU
		{344AB34F-EC64-4C74-865F-2A97A127B71A}.Debug|x64.Build.0 = Debug|Any CPU
		{344AB34F-EC64-4C74-865F-2A97A127B71A}.Debug|x86.ActiveCfg = Debug|Any CPU
		{344AB34F-EC64-4C74-865F-2A97A127B71A}.Debug|x86.Build.0 = Debug|Any CPU
		{344AB34F-EC64-4C74-865F-2A97A127B71A}.Release|Any CPU.ActiveCfg = Release|Any CPU
		{344AB34F-EC64-4C74-865F-2A97A127B71A}.Release|Any CPU.Build.0 = Release|Any CPU
		{344AB34F-EC64-4C74-865F-2A97A127B71A}.Release|x64.ActiveCfg = Release|Any CPU
		{344AB34F-EC64-4C74-865F-2A97A127B71A}.Release|x64.Build.0 = Release|Any CPU
		{344AB34F-EC64-4C74-865F-2A97A127B71A}.Release|x86.ActiveCfg = Release|Any CPU
		{344AB34F-EC64-4C74-865F-2A97A127B71A}.Release|x86.Build.0 = Release|Any CPU
	EndGlobalSection
	GlobalSection(SolutionProperties) = preSolution
		HideSolutionNode = FALSE
	EndGlobalSection
	GlobalSection(NestedProjects) = preSolution
		{C97AFD64-8D32-4CFC-A3A9-DD9822F39006} = {A8AEDBE2-BB4C-4472-8780-E034AED3D58B}
		{A8AEDBE2-BB4C-4472-8780-E034AED3D58B} = {66059274-2283-4376-961F-FA2E13690DAD}
		{1763E4BF-7EAC-4C72-9593-979910EF8B54} = {66059274-2283-4376-961F-FA2E13690DAD}
		{C2D8E634-118C-4E17-82EE-84320B32BA0D} = {1763E4BF-7EAC-4C72-9593-979910EF8B54}
		{DE3290EB-8FE1-46B6-801C-396C460BE890} = {1763E4BF-7EAC-4C72-9593-979910EF8B54}
		{403671FC-1A5A-4952-B5C9-47972FB1E707} = {1763E4BF-7EAC-4C72-9593-979910EF8B54}
		{E61EE51E-25FC-43DD-9ACB-C468CF460A93} = {A8AEDBE2-BB4C-4472-8780-E034AED3D58B}
		{870CD7F4-8051-4486-9757-CE9465259573} = {A8AEDBE2-BB4C-4472-8780-E034AED3D58B}
		{BA74BBE4-CC4E-4A4E-8B59-25AC0216F629} = {1763E4BF-7EAC-4C72-9593-979910EF8B54}
		{39648E09-34A5-4EB3-B258-A913588D4202} = {1763E4BF-7EAC-4C72-9593-979910EF8B54}
		{BB0DDC9C-88F8-4482-B9EB-561191ABCE24} = {1763E4BF-7EAC-4C72-9593-979910EF8B54}
		{BB801BEF-FE3E-44BC-B590-9CC95AD9FB8A} = {1763E4BF-7EAC-4C72-9593-979910EF8B54}
		{041F9874-8843-4CFA-A067-96ED3C1B10E9} = {A8AEDBE2-BB4C-4472-8780-E034AED3D58B}
		{344AB34F-EC64-4C74-865F-2A97A127B71A} = {1763E4BF-7EAC-4C72-9593-979910EF8B54}
	EndGlobalSection
	GlobalSection(ExtensibilityGlobals) = postSolution
		SolutionGuid = {DE661529-3836-4ED2-BA26-AB6368CBDB96}
	EndGlobalSection
EndGlobal
